
Microsoft Visual Studio Solution File, Format Version 12.00
# Visual Studio Version 17
VisualStudioVersion = 17.0.31903.59
MinimumVisualStudioVersion = 10.0.40219.1
Project("{FAE04EC0-301F-11D3-BF4B-00C04F79EFBC}") = "Connected.Notifications.Model", "Connected.Notifications.Model\Connected.Notifications.Model.csproj", "{89D15F14-9EB4-4C81-A45B-9C868A6B038A}"
EndProject
Project("{FAE04EC0-301F-11D3-BF4B-00C04F79EFBC}") = "Connected.Notifications", "Connected.Notifications\Connected.Notifications.csproj", "{788F9D18-3613-47E1-A19D-312F7106E0F8}"
EndProject
Global
	GlobalSection(SolutionConfigurationPlatforms) = preSolution
		Debug|Any CPU = Debug|Any CPU
		Debug|x64 = Debug|x64
		Debug|x86 = Debug|x86
		Release|Any CPU = Release|Any CPU
		Release|x64 = Release|x64
		Release|x86 = Release|x86
	EndGlobalSection
	GlobalSection(ProjectConfigurationPlatforms) = postSolution
		{89D15F14-9EB4-4C81-A45B-9C868A6B038A}.Debug|Any CPU.ActiveCfg = Debug|Any CPU
		{89D15F14-9EB4-4C81-A45B-9C868A6B038A}.Debug|Any CPU.Build.0 = Debug|Any CPU
		{89D15F14-9EB4-4C81-A45B-9C868A6B038A}.Debug|x64.ActiveCfg = Debug|Any CPU
		{89D15F14-9EB4-4C81-A45B-9C868A6B038A}.Debug|x64.Build.0 = Debug|Any CPU
		{89D15F14-9EB4-4C81-A45B-9C868A6B038A}.Debug|x86.ActiveCfg = Debug|Any CPU
		{89D15F14-9EB4-4C81-A45B-9C868A6B038A}.Debug|x86.Build.0 = Debug|Any CPU
		{89D15F14-9EB4-4C81-A45B-9C868A6B038A}.Release|Any CPU.ActiveCfg = Release|Any CPU
		{89D15F14-9EB4-4C81-A45B-9C868A6B038A}.Release|Any CPU.Build.0 = Release|Any CPU
		{89D15F14-9EB4-4C81-A45B-9C868A6B038A}.Release|x64.ActiveCfg = Release|Any CPU
		{89D15F14-9EB4-4C81-A45B-9C868A6B038A}.Release|x64.Build.0 = Release|Any CPU
		{89D15F14-9EB4-4C81-A45B-9C868A6B038A}.Release|x86.ActiveCfg = Release|Any CPU
		{89D15F14-9EB4-4C81-A45B-9C868A6B038A}.Release|x86.Build.0 = Release|Any CPU
		{788F9D18-3613-47E1-A19D-312F7106E0F8}.Debug|Any CPU.ActiveCfg = Debug|Any CPU
		{788F9D18-3613-47E1-A19D-312F7106E0F8}.Debug|Any CPU.Build.0 = Debug|Any CPU
		{788F9D18-3613-47E1-A19D-312F7106E0F8}.Debug|x64.ActiveCfg = Debug|Any CPU
		{788F9D18-3613-47E1-A19D-312F7106E0F8}.Debug|x64.Build.0 = Debug|Any CPU
		{788F9D18-3613-47E1-A19D-312F7106E0F8}.Debug|x86.ActiveCfg = Debug|Any CPU
		{788F9D18-3613-47E1-A19D-312F7106E0F8}.Debug|x86.Build.0 = Debug|Any CPU
		{788F9D18-3613-47E1-A19D-312F7106E0F8}.Release|Any CPU.ActiveCfg = Release|Any CPU
		{788F9D18-3613-47E1-A19D-312F7106E0F8}.Release|Any CPU.Build.0 = Release|Any CPU
		{788F9D18-3613-47E1-A19D-312F7106E0F8}.Release|x64.ActiveCfg = Release|Any CPU
		{788F9D18-3613-47E1-A19D-312F7106E0F8}.Release|x64.Build.0 = Release|Any CPU
		{788F9D18-3613-47E1-A19D-312F7106E0F8}.Release|x86.ActiveCfg = Release|Any CPU
		{788F9D18-3613-47E1-A19D-312F7106E0F8}.Release|x86.Build.0 = Release|Any CPU
	EndGlobalSection
	GlobalSection(SolutionProperties) = preSolution
		HideSolutionNode = FALSE
	EndGlobalSection
EndGlobal
